{
    "version": 3,
    "terraform_version": "0.11.5",
    "serial": 2,
    "lineage": "a9a9d4af-10ed-256a-3541-4b0bfe8b4f44",
    "modules": [
        {
            "path": [
                "root"
            ],
            "outputs": {},
            "resources": {
                "aviatrix_gateway.aws_gateway": {
                    "type": "aviatrix_gateway",
                    "depends_on": [],
                    "primary": {
                        "id": "vpn-ldap-duo",
                        "attributes": {
                            "account_name": "Temporary-AWS-account",
                            "cidr": "192.168.230.0/24",
                            "cloud_type": "1",
                            "duo_api_hostname": "api-11111111.duosecurity.com",
                            "duo_integration_key": "DDDDDDDDDDDDDDDDDDY6",
                            "duo_push_mode": "auto",
                            "duo_secret_key": "QqqqqqqqqqqqqqqqqqqqqqqqqqqqqqqqqqXN2zwQ",
                            "enable_elb": "yes",
                            "enable_ldap": "yes",
                            "gw_name": "vpn-ldap-duo",
                            "id": "vpn-ldap-duo",
                            "ldap_base_dn": "DC=aviatrixtest, DC=com",
                            "ldap_bind_dn": "TTTTTTTTTEST\\Administrator",
                            "ldap_password": "myLDAPpassword123",
                            "ldap_server": "1.2.3.4:389",
                            "ldap_username_attribute": "auto",
                            "otp_mode": "2",
                            "public_ip": "50.19.146.39",
                            "split_tunnel": "yes",
                            "vpc_id": "vpc-07eb417901c6b8382",
                            "vpc_net": "10.10.0.0/24",
                            "vpc_reg": "us-east-1",
                            "vpc_size": "t2.micro",
                            "vpn_access": "yes"
                        },
                        "meta": {},
                        "tainted": false
                    },
                    "deposed": [],
                    "provider": "provider.aviatrix"
                }
            },
            "depends_on": []
        }
    ]
}
